
Microsoft Visual Studio Solution File, Format Version 12.00
# Visual Studio 15
VisualStudioVersion = 15.0.27703.2042
MinimumVisualStudioVersion = 10.0.40219.1
Project("{FAE04EC0-301F-11D3-BF4B-00C04F79EFBC}") = "BtClassicScanner.Android", "BtClassicScanner.Android\BtClassicScanner.Android.csproj", "{1798F705-8F7E-4DA9-95AE-CE41469130B1}"
EndProject
Project("{FAE04EC0-301F-11D3-BF4B-00C04F79EFBC}") = "BtClassicScanner.iOS", "BtClassicScanner.iOS\BtClassicScanner.iOS.csproj", "{69D4347A-5012-47FF-ACB5-CCC83FF3C826}"
EndProject
Project("{FAE04EC0-301F-11D3-BF4B-00C04F79EFBC}") = "BtClassicScanner.UWP", "BtClassicScanner.UWP\BtClassicScanner.UWP.csproj", "{7A1A90B2-D26D-43DE-82FE-EE3CC00B9359}"
EndProject
Project("{9A19103F-16F7-4668-BE54-9A1E7A4F7556}") = "BtClassicScanner", "BtClassicScanner\BtClassicScanner.csproj", "{7427D7D2-3458-40A6-903C-9D430ED6A51B}"
EndProject
Project("{2150E333-8FDC-42A3-9474-1A3956D46DE8}") = "CodeBrix.Prism", "CodeBrix.Prism", "{AC1C257A-E6E8-4D86-8296-2B4C1646A3D7}"
EndProject
Project("{9A19103F-16F7-4668-BE54-9A1E7A4F7556}") = "CodeBrix.Prism", "..\..\CodeBrix_private\Source\Prism\CodeBrix.Prism\CodeBrix.Prism.csproj", "{3F6F4A33-05A5-4EAD-8B0C-3717D0C643CF}"
EndProject
Project("{FAE04EC0-301F-11D3-BF4B-00C04F79EFBC}") = "CodeBrix.Prism.Android", "..\..\CodeBrix_private\Source\Prism\CodeBrix.Prism.Android\CodeBrix.Prism.Android.csproj", "{2328735B-D8EC-4449-B46B-50C0378CF8D4}"
EndProject
Project("{9A19103F-16F7-4668-BE54-9A1E7A4F7556}") = "CodeBrix.Prism.DryIoc", "..\..\CodeBrix_private\Source\Prism\CodeBrix.Prism.DryIoc\CodeBrix.Prism.DryIoc.csproj", "{9869B521-6526-433A-9B1E-EB53D795A651}"
EndProject
Project("{FAE04EC0-301F-11D3-BF4B-00C04F79EFBC}") = "CodeBrix.Prism.iOS", "..\..\CodeBrix_private\Source\Prism\CodeBrix.Prism.iOS\CodeBrix.Prism.iOS.csproj", "{E71F3053-056C-4381-9638-048ED73BDFF6}"
EndProject
Project("{FAE04EC0-301F-11D3-BF4B-00C04F79EFBC}") = "CodeBrix.Prism.UWP", "..\..\CodeBrix_private\Source\Prism\CodeBrix.Prism.UWP\CodeBrix.Prism.UWP.csproj", "{40EE47CF-24FC-4F1A-A2C9-147E4D74BE58}"
EndProject
Global
	GlobalSection(SolutionConfigurationPlatforms) = preSolution
		Ad-Hoc|Any CPU = Ad-Hoc|Any CPU
		Ad-Hoc|ARM = Ad-Hoc|ARM
		Ad-Hoc|iPhone = Ad-Hoc|iPhone
		Ad-Hoc|iPhoneSimulator = Ad-Hoc|iPhoneSimulator
		Ad-Hoc|x64 = Ad-Hoc|x64
		Ad-Hoc|x86 = Ad-Hoc|x86
		AppStore|Any CPU = AppStore|Any CPU
		AppStore|ARM = AppStore|ARM
		AppStore|iPhone = AppStore|iPhone
		AppStore|iPhoneSimulator = AppStore|iPhoneSimulator
		AppStore|x64 = AppStore|x64
		AppStore|x86 = AppStore|x86
		Debug|Any CPU = Debug|Any CPU
		Debug|ARM = Debug|ARM
		Debug|iPhone = Debug|iPhone
		Debug|iPhoneSimulator = Debug|iPhoneSimulator
		Debug|x64 = Debug|x64
		Debug|x86 = Debug|x86
		Release|Any CPU = Release|Any CPU
		Release|ARM = Release|ARM
		Release|iPhone = Release|iPhone
		Release|iPhoneSimulator = Release|iPhoneSimulator
		Release|x64 = Release|x64
		Release|x86 = Release|x86
	EndGlobalSection
	GlobalSection(ProjectConfigurationPlatforms) = postSolution
		{1798F705-8F7E-4DA9-95AE-CE41469130B1}.Ad-Hoc|Any CPU.ActiveCfg = Release|Any CPU
		{1798F705-8F7E-4DA9-95AE-CE41469130B1}.Ad-Hoc|Any CPU.Build.0 = Release|Any CPU
		{1798F705-8F7E-4DA9-95AE-CE41469130B1}.Ad-Hoc|Any CPU.Deploy.0 = Release|Any CPU
		{1798F705-8F7E-4DA9-95AE-CE41469130B1}.Ad-Hoc|ARM.ActiveCfg = Release|Any CPU
		{1798F705-8F7E-4DA9-95AE-CE41469130B1}.Ad-Hoc|ARM.Build.0 = Release|Any CPU
		{1798F705-8F7E-4DA9-95AE-CE41469130B1}.Ad-Hoc|ARM.Deploy.0 = Release|Any CPU
		{1798F705-8F7E-4DA9-95AE-CE41469130B1}.Ad-Hoc|iPhone.ActiveCfg = Release|Any CPU
		{1798F705-8F7E-4DA9-95AE-CE41469130B1}.Ad-Hoc|iPhone.Build.0 = Release|Any CPU
		{1798F705-8F7E-4DA9-95AE-CE41469130B1}.Ad-Hoc|iPhone.Deploy.0 = Release|Any CPU
		{1798F705-8F7E-4DA9-95AE-CE41469130B1}.Ad-Hoc|iPhoneSimulator.ActiveCfg = Release|Any CPU
		{1798F705-8F7E-4DA9-95AE-CE41469130B1}.Ad-Hoc|iPhoneSimulator.Build.0 = Release|Any CPU
		{1798F705-8F7E-4DA9-95AE-CE41469130B1}.Ad-Hoc|iPhoneSimulator.Deploy.0 = Release|Any CPU
		{1798F705-8F7E-4DA9-95AE-CE41469130B1}.Ad-Hoc|x64.ActiveCfg = Release|Any CPU
		{1798F705-8F7E-4DA9-95AE-CE41469130B1}.Ad-Hoc|x64.Build.0 = Release|Any CPU
		{1798F705-8F7E-4DA9-95AE-CE41469130B1}.Ad-Hoc|x64.Deploy.0 = Release|Any CPU
		{1798F705-8F7E-4DA9-95AE-CE41469130B1}.Ad-Hoc|x86.ActiveCfg = Release|Any CPU
		{1798F705-8F7E-4DA9-95AE-CE41469130B1}.Ad-Hoc|x86.Build.0 = Release|Any CPU
		{1798F705-8F7E-4DA9-95AE-CE41469130B1}.Ad-Hoc|x86.Deploy.0 = Release|Any CPU
		{1798F705-8F7E-4DA9-95AE-CE41469130B1}.AppStore|Any CPU.ActiveCfg = Release|Any CPU
		{1798F705-8F7E-4DA9-95AE-CE41469130B1}.AppStore|Any CPU.Build.0 = Release|Any CPU
		{1798F705-8F7E-4DA9-95AE-CE41469130B1}.AppStore|Any CPU.Deploy.0 = Release|Any CPU
		{1798F705-8F7E-4DA9-95AE-CE41469130B1}.AppStore|ARM.ActiveCfg = Release|Any CPU
		{1798F705-8F7E-4DA9-95AE-CE41469130B1}.AppStore|ARM.Build.0 = Release|Any CPU
		{1798F705-8F7E-4DA9-95AE-CE41469130B1}.AppStore|ARM.Deploy.0 = Release|Any CPU
		{1798F705-8F7E-4DA9-95AE-CE41469130B1}.AppStore|iPhone.ActiveCfg = Release|Any CPU
		{1798F705-8F7E-4DA9-95AE-CE41469130B1}.AppStore|iPhone.Build.0 = Release|Any CPU
		{1798F705-8F7E-4DA9-95AE-CE41469130B1}.AppStore|iPhone.Deploy.0 = Release|Any CPU
		{1798F705-8F7E-4DA9-95AE-CE41469130B1}.AppStore|iPhoneSimulator.ActiveCfg = Release|Any CPU
		{1798F705-8F7E-4DA9-95AE-CE41469130B1}.AppStore|iPhoneSimulator.Build.0 = Release|Any CPU
		{1798F705-8F7E-4DA9-95AE-CE41469130B1}.AppStore|iPhoneSimulator.Deploy.0 = Release|Any CPU
		{1798F705-8F7E-4DA9-95AE-CE41469130B1}.AppStore|x64.ActiveCfg = Release|Any CPU
		{1798F705-8F7E-4DA9-95AE-CE41469130B1}.AppStore|x64.Build.0 = Release|Any CPU
		{1798F705-8F7E-4DA9-95AE-CE41469130B1}.AppStore|x64.Deploy.0 = Release|Any CPU
		{1798F705-8F7E-4DA9-95AE-CE41469130B1}.AppStore|x86.ActiveCfg = Release|Any CPU
		{1798F705-8F7E-4DA9-95AE-CE41469130B1}.AppStore|x86.Build.0 = Release|Any CPU
		{1798F705-8F7E-4DA9-95AE-CE41469130B1}.AppStore|x86.Deploy.0 = Release|Any CPU
		{1798F705-8F7E-4DA9-95AE-CE41469130B1}.Debug|Any CPU.ActiveCfg = Debug|Any CPU
		{1798F705-8F7E-4DA9-95AE-CE41469130B1}.Debug|Any CPU.Build.0 = Debug|Any CPU
		{1798F705-8F7E-4DA9-95AE-CE41469130B1}.Debug|Any CPU.Deploy.0 = Debug|Any CPU
		{1798F705-8F7E-4DA9-95AE-CE41469130B1}.Debug|ARM.ActiveCfg = Debug|Any CPU
		{1798F705-8F7E-4DA9-95AE-CE41469130B1}.Debug|ARM.Build.0 = Debug|Any CPU
		{1798F705-8F7E-4DA9-95AE-CE41469130B1}.Debug|ARM.Deploy.0 = Debug|Any CPU
		{1798F705-8F7E-4DA9-95AE-CE41469130B1}.Debug|iPhone.ActiveCfg = Debug|Any CPU
		{1798F705-8F7E-4DA9-95AE-CE41469130B1}.Debug|iPhone.Build.0 = Debug|Any CPU
		{1798F705-8F7E-4DA9-95AE-CE41469130B1}.Debug|iPhone.Deploy.0 = Debug|Any CPU
		{1798F705-8F7E-4DA9-95AE-CE41469130B1}.Debug|iPhoneSimulator.ActiveCfg = Debug|Any CPU
		{1798F705-8F7E-4DA9-95AE-CE41469130B1}.Debug|iPhoneSimulator.Build.0 = Debug|Any CPU
		{1798F705-8F7E-4DA9-95AE-CE41469130B1}.Debug|iPhoneSimulator.Deploy.0 = Debug|Any CPU
		{1798F705-8F7E-4DA9-95AE-CE41469130B1}.Debug|x64.ActiveCfg = Debug|Any CPU
		{1798F705-8F7E-4DA9-95AE-CE41469130B1}.Debug|x64.Build.0 = Debug|Any CPU
		{1798F705-8F7E-4DA9-95AE-CE41469130B1}.Debug|x64.Deploy.0 = Debug|Any CPU
		{1798F705-8F7E-4DA9-95AE-CE41469130B1}.Debug|x86.ActiveCfg = Debug|Any CPU
		{1798F705-8F7E-4DA9-95AE-CE41469130B1}.Debug|x86.Build.0 = Debug|Any CPU
		{1798F705-8F7E-4DA9-95AE-CE41469130B1}.Debug|x86.Deploy.0 = Debug|Any CPU
		{1798F705-8F7E-4DA9-95AE-CE41469130B1}.Release|Any CPU.ActiveCfg = Release|Any CPU
		{1798F705-8F7E-4DA9-95AE-CE41469130B1}.Release|Any CPU.Build.0 = Release|Any CPU
		{1798F705-8F7E-4DA9-95AE-CE41469130B1}.Release|Any CPU.Deploy.0 = Release|Any CPU
		{1798F705-8F7E-4DA9-95AE-CE41469130B1}.Release|ARM.ActiveCfg = Release|Any CPU
		{1798F705-8F7E-4DA9-95AE-CE41469130B1}.Release|ARM.Build.0 = Release|Any CPU
		{1798F705-8F7E-4DA9-95AE-CE41469130B1}.Release|ARM.Deploy.0 = Release|Any CPU
		{1798F705-8F7E-4DA9-95AE-CE41469130B1}.Release|iPhone.ActiveCfg = Release|Any CPU
		{1798F705-8F7E-4DA9-95AE-CE41469130B1}.Release|iPhone.Build.0 = Release|Any CPU
		{1798F705-8F7E-4DA9-95AE-CE41469130B1}.Release|iPhone.Deploy.0 = Release|Any CPU
		{1798F705-8F7E-4DA9-95AE-CE41469130B1}.Release|iPhoneSimulator.ActiveCfg = Release|Any CPU
		{1798F705-8F7E-4DA9-95AE-CE41469130B1}.Release|iPhoneSimulator.Build.0 = Release|Any CPU
		{1798F705-8F7E-4DA9-95AE-CE41469130B1}.Release|iPhoneSimulator.Deploy.0 = Release|Any CPU
		{1798F705-8F7E-4DA9-95AE-CE41469130B1}.Release|x64.ActiveCfg = Release|Any CPU
		{1798F705-8F7E-4DA9-95AE-CE41469130B1}.Release|x64.Build.0 = Release|Any CPU
		{1798F705-8F7E-4DA9-95AE-CE41469130B1}.Release|x64.Deploy.0 = Release|Any CPU
		{1798F705-8F7E-4DA9-95AE-CE41469130B1}.Release|x86.ActiveCfg = Release|Any CPU
		{1798F705-8F7E-4DA9-95AE-CE41469130B1}.Release|x86.Build.0 = Release|Any CPU
		{1798F705-8F7E-4DA9-95AE-CE41469130B1}.Release|x86.Deploy.0 = Release|Any CPU
		{69D4347A-5012-47FF-ACB5-CCC83FF3C826}.Ad-Hoc|Any CPU.ActiveCfg = Ad-Hoc|iPhone
		{69D4347A-5012-47FF-ACB5-CCC83FF3C826}.Ad-Hoc|Any CPU.Build.0 = Ad-Hoc|iPhone
		{69D4347A-5012-47FF-ACB5-CCC83FF3C826}.Ad-Hoc|Any CPU.Deploy.0 = Ad-Hoc|iPhone
		{69D4347A-5012-47FF-ACB5-CCC83FF3C826}.Ad-Hoc|ARM.ActiveCfg = Ad-Hoc|iPhone
		{69D4347A-5012-47FF-ACB5-CCC83FF3C826}.Ad-Hoc|ARM.Build.0 = Ad-Hoc|iPhone
		{69D4347A-5012-47FF-ACB5-CCC83FF3C826}.Ad-Hoc|ARM.Deploy.0 = Ad-Hoc|iPhone
		{69D4347A-5012-47FF-ACB5-CCC83FF3C826}.Ad-Hoc|iPhone.ActiveCfg = Ad-Hoc|iPhone
		{69D4347A-5012-47FF-ACB5-CCC83FF3C826}.Ad-Hoc|iPhone.Build.0 = Ad-Hoc|iPhone
		{69D4347A-5012-47FF-ACB5-CCC83FF3C826}.Ad-Hoc|iPhone.Deploy.0 = Ad-Hoc|iPhone
		{69D4347A-5012-47FF-ACB5-CCC83FF3C826}.Ad-Hoc|iPhoneSimulator.ActiveCfg = Ad-Hoc|iPhoneSimulator
		{69D4347A-5012-47FF-ACB5-CCC83FF3C826}.Ad-Hoc|iPhoneSimulator.Build.0 = Ad-Hoc|iPhoneSimulator
		{69D4347A-5012-47FF-ACB5-CCC83FF3C826}.Ad-Hoc|iPhoneSimulator.Deploy.0 = Ad-Hoc|iPhoneSimulator
		{69D4347A-5012-47FF-ACB5-CCC83FF3C826}.Ad-Hoc|x64.ActiveCfg = Ad-Hoc|iPhone
		{69D4347A-5012-47FF-ACB5-CCC83FF3C826}.Ad-Hoc|x64.Build.0 = Ad-Hoc|iPhone
		{69D4347A-5012-47FF-ACB5-CCC83FF3C826}.Ad-Hoc|x64.Deploy.0 = Ad-Hoc|iPhone
		{69D4347A-5012-47FF-ACB5-CCC83FF3C826}.Ad-Hoc|x86.ActiveCfg = Ad-Hoc|iPhone
		{69D4347A-5012-47FF-ACB5-CCC83FF3C826}.Ad-Hoc|x86.Build.0 = Ad-Hoc|iPhone
		{69D4347A-5012-47FF-ACB5-CCC83FF3C826}.Ad-Hoc|x86.Deploy.0 = Ad-Hoc|iPhone
		{69D4347A-5012-47FF-ACB5-CCC83FF3C826}.AppStore|Any CPU.ActiveCfg = AppStore|iPhone
		{69D4347A-5012-47FF-ACB5-CCC83FF3C826}.AppStore|Any CPU.Build.0 = AppStore|iPhone
		{69D4347A-5012-47FF-ACB5-CCC83FF3C826}.AppStore|Any CPU.Deploy.0 = AppStore|iPhone
		{69D4347A-5012-47FF-ACB5-CCC83FF3C826}.AppStore|ARM.ActiveCfg = AppStore|iPhone
		{69D4347A-5012-47FF-ACB5-CCC83FF3C826}.AppStore|ARM.Build.0 = AppStore|iPhone
		{69D4347A-5012-47FF-ACB5-CCC83FF3C826}.AppStore|ARM.Deploy.0 = AppStore|iPhone
		{69D4347A-5012-47FF-ACB5-CCC83FF3C826}.AppStore|iPhone.ActiveCfg = AppStore|iPhone
		{69D4347A-5012-47FF-ACB5-CCC83FF3C826}.AppStore|iPhone.Build.0 = AppStore|iPhone
		{69D4347A-5012-47FF-ACB5-CCC83FF3C826}.AppStore|iPhone.Deploy.0 = AppStore|iPhone
		{69D4347A-5012-47FF-ACB5-CCC83FF3C826}.AppStore|iPhoneSimulator.ActiveCfg = AppStore|iPhoneSimulator
		{69D4347A-5012-47FF-ACB5-CCC83FF3C826}.AppStore|iPhoneSimulator.Build.0 = AppStore|iPhoneSimulator
		{69D4347A-5012-47FF-ACB5-CCC83FF3C826}.AppStore|iPhoneSimulator.Deploy.0 = AppStore|iPhoneSimulator
		{69D4347A-5012-47FF-ACB5-CCC83FF3C826}.AppStore|x64.ActiveCfg = AppStore|iPhone
		{69D4347A-5012-47FF-ACB5-CCC83FF3C826}.AppStore|x64.Build.0 = AppStore|iPhone
		{69D4347A-5012-47FF-ACB5-CCC83FF3C826}.AppStore|x64.Deploy.0 = AppStore|iPhone
		{69D4347A-5012-47FF-ACB5-CCC83FF3C826}.AppStore|x86.ActiveCfg = AppStore|iPhone
		{69D4347A-5012-47FF-ACB5-CCC83FF3C826}.AppStore|x86.Build.0 = AppStore|iPhone
		{69D4347A-5012-47FF-ACB5-CCC83FF3C826}.AppStore|x86.Deploy.0 = AppStore|iPhone
		{69D4347A-5012-47FF-ACB5-CCC83FF3C826}.Debug|Any CPU.ActiveCfg = Debug|iPhoneSimulator
		{69D4347A-5012-47FF-ACB5-CCC83FF3C826}.Debug|Any CPU.Build.0 = Debug|iPhoneSimulator
		{69D4347A-5012-47FF-ACB5-CCC83FF3C826}.Debug|Any CPU.Deploy.0 = Debug|iPhoneSimulator
		{69D4347A-5012-47FF-ACB5-CCC83FF3C826}.Debug|ARM.ActiveCfg = Debug|iPhone
		{69D4347A-5012-47FF-ACB5-CCC83FF3C826}.Debug|ARM.Build.0 = Debug|iPhone
		{69D4347A-5012-47FF-ACB5-CCC83FF3C826}.Debug|ARM.Deploy.0 = Debug|iPhone
		{69D4347A-5012-47FF-ACB5-CCC83FF3C826}.Debug|iPhone.ActiveCfg = Debug|iPhone
		{69D4347A-5012-47FF-ACB5-CCC83FF3C826}.Debug|iPhone.Build.0 = Debug|iPhone
		{69D4347A-5012-47FF-ACB5-CCC83FF3C826}.Debug|iPhone.Deploy.0 = Debug|iPhone
		{69D4347A-5012-47FF-ACB5-CCC83FF3C826}.Debug|iPhoneSimulator.ActiveCfg = Debug|iPhoneSimulator
		{69D4347A-5012-47FF-ACB5-CCC83FF3C826}.Debug|iPhoneSimulator.Build.0 = Debug|iPhoneSimulator
		{69D4347A-5012-47FF-ACB5-CCC83FF3C826}.Debug|iPhoneSimulator.Deploy.0 = Debug|iPhoneSimulator
		{69D4347A-5012-47FF-ACB5-CCC83FF3C826}.Debug|x64.ActiveCfg = Debug|iPhone
		{69D4347A-5012-47FF-ACB5-CCC83FF3C826}.Debug|x64.Build.0 = Debug|iPhone
		{69D4347A-5012-47FF-ACB5-CCC83FF3C826}.Debug|x64.Deploy.0 = Debug|iPhone
		{69D4347A-5012-47FF-ACB5-CCC83FF3C826}.Debug|x86.ActiveCfg = Debug|iPhone
		{69D4347A-5012-47FF-ACB5-CCC83FF3C826}.Debug|x86.Build.0 = Debug|iPhone
		{69D4347A-5012-47FF-ACB5-CCC83FF3C826}.Debug|x86.Deploy.0 = Debug|iPhone
		{69D4347A-5012-47FF-ACB5-CCC83FF3C826}.Release|Any CPU.ActiveCfg = Release|iPhone
		{69D4347A-5012-47FF-ACB5-CCC83FF3C826}.Release|Any CPU.Build.0 = Release|iPhone
		{69D4347A-5012-47FF-ACB5-CCC83FF3C826}.Release|Any CPU.Deploy.0 = Release|iPhone
		{69D4347A-5012-47FF-ACB5-CCC83FF3C826}.Release|ARM.ActiveCfg = Release|iPhone
		{69D4347A-5012-47FF-ACB5-CCC83FF3C826}.Release|ARM.Build.0 = Release|iPhone
		{69D4347A-5012-47FF-ACB5-CCC83FF3C826}.Release|ARM.Deploy.0 = Release|iPhone
		{69D4347A-5012-47FF-ACB5-CCC83FF3C826}.Release|iPhone.ActiveCfg = Release|iPhone
		{69D4347A-5012-47FF-ACB5-CCC83FF3C826}.Release|iPhone.Build.0 = Release|iPhone
		{69D4347A-5012-47FF-ACB5-CCC83FF3C826}.Release|iPhone.Deploy.0 = Release|iPhone
		{69D4347A-5012-47FF-ACB5-CCC83FF3C826}.Release|iPhoneSimulator.ActiveCfg = Release|iPhoneSimulator
		{69D4347A-5012-47FF-ACB5-CCC83FF3C826}.Release|iPhoneSimulator.Build.0 = Release|iPhoneSimulator
		{69D4347A-5012-47FF-ACB5-CCC83FF3C826}.Release|iPhoneSimulator.Deploy.0 = Release|iPhoneSimulator
		{69D4347A-5012-47FF-ACB5-CCC83FF3C826}.Release|x64.ActiveCfg = Release|iPhone
		{69D4347A-5012-47FF-ACB5-CCC83FF3C826}.Release|x64.Build.0 = Release|iPhone
		{69D4347A-5012-47FF-ACB5-CCC83FF3C826}.Release|x64.Deploy.0 = Release|iPhone
		{69D4347A-5012-47FF-ACB5-CCC83FF3C826}.Release|x86.ActiveCfg = Release|iPhone
		{69D4347A-5012-47FF-ACB5-CCC83FF3C826}.Release|x86.Build.0 = Release|iPhone
		{69D4347A-5012-47FF-ACB5-CCC83FF3C826}.Release|x86.Deploy.0 = Release|iPhone
		{7A1A90B2-D26D-43DE-82FE-EE3CC00B9359}.Ad-Hoc|Any CPU.ActiveCfg = Release|x86
		{7A1A90B2-D26D-43DE-82FE-EE3CC00B9359}.Ad-Hoc|Any CPU.Build.0 = Release|x86
		{7A1A90B2-D26D-43DE-82FE-EE3CC00B9359}.Ad-Hoc|Any CPU.Deploy.0 = Release|x86
		{7A1A90B2-D26D-43DE-82FE-EE3CC00B9359}.Ad-Hoc|ARM.ActiveCfg = Release|ARM
		{7A1A90B2-D26D-43DE-82FE-EE3CC00B9359}.Ad-Hoc|ARM.Build.0 = Release|ARM
		{7A1A90B2-D26D-43DE-82FE-EE3CC00B9359}.Ad-Hoc|ARM.Deploy.0 = Release|ARM
		{7A1A90B2-D26D-43DE-82FE-EE3CC00B9359}.Ad-Hoc|iPhone.ActiveCfg = Release|x86
		{7A1A90B2-D26D-43DE-82FE-EE3CC00B9359}.Ad-Hoc|iPhone.Build.0 = Release|x86
		{7A1A90B2-D26D-43DE-82FE-EE3CC00B9359}.Ad-Hoc|iPhone.Deploy.0 = Release|x86
		{7A1A90B2-D26D-43DE-82FE-EE3CC00B9359}.Ad-Hoc|iPhoneSimulator.ActiveCfg = Release|x86
		{7A1A90B2-D26D-43DE-82FE-EE3CC00B9359}.Ad-Hoc|iPhoneSimulator.Build.0 = Release|x86
		{7A1A90B2-D26D-43DE-82FE-EE3CC00B9359}.Ad-Hoc|iPhoneSimulator.Deploy.0 = Release|x86
		{7A1A90B2-D26D-43DE-82FE-EE3CC00B9359}.Ad-Hoc|x64.ActiveCfg = Release|x64
		{7A1A90B2-D26D-43DE-82FE-EE3CC00B9359}.Ad-Hoc|x64.Build.0 = Release|x64
		{7A1A90B2-D26D-43DE-82FE-EE3CC00B9359}.Ad-Hoc|x64.Deploy.0 = Release|x64
		{7A1A90B2-D26D-43DE-82FE-EE3CC00B9359}.Ad-Hoc|x86.ActiveCfg = Release|x86
		{7A1A90B2-D26D-43DE-82FE-EE3CC00B9359}.Ad-Hoc|x86.Build.0 = Release|x86
		{7A1A90B2-D26D-43DE-82FE-EE3CC00B9359}.Ad-Hoc|x86.Deploy.0 = Release|x86
		{7A1A90B2-D26D-43DE-82FE-EE3CC00B9359}.AppStore|Any CPU.ActiveCfg = Release|x86
		{7A1A90B2-D26D-43DE-82FE-EE3CC00B9359}.AppStore|Any CPU.Build.0 = Release|x86
		{7A1A90B2-D26D-43DE-82FE-EE3CC00B9359}.AppStore|Any CPU.Deploy.0 = Release|x86
		{7A1A90B2-D26D-43DE-82FE-EE3CC00B9359}.AppStore|ARM.ActiveCfg = Release|ARM
		{7A1A90B2-D26D-43DE-82FE-EE3CC00B9359}.AppStore|ARM.Build.0 = Release|ARM
		{7A1A90B2-D26D-43DE-82FE-EE3CC00B9359}.AppStore|ARM.Deploy.0 = Release|ARM
		{7A1A90B2-D26D-43DE-82FE-EE3CC00B9359}.AppStore|iPhone.ActiveCfg = Release|x86
		{7A1A90B2-D26D-43DE-82FE-EE3CC00B9359}.AppStore|iPhone.Build.0 = Release|x86
		{7A1A90B2-D26D-43DE-82FE-EE3CC00B9359}.AppStore|iPhone.Deploy.0 = Release|x86
		{7A1A90B2-D26D-43DE-82FE-EE3CC00B9359}.AppStore|iPhoneSimulator.ActiveCfg = Release|x86
		{7A1A90B2-D26D-43DE-82FE-EE3CC00B9359}.AppStore|iPhoneSimulator.Build.0 = Release|x86
		{7A1A90B2-D26D-43DE-82FE-EE3CC00B9359}.AppStore|iPhoneSimulator.Deploy.0 = Release|x86
		{7A1A90B2-D26D-43DE-82FE-EE3CC00B9359}.AppStore|x64.ActiveCfg = Release|x64
		{7A1A90B2-D26D-43DE-82FE-EE3CC00B9359}.AppStore|x64.Build.0 = Release|x64
		{7A1A90B2-D26D-43DE-82FE-EE3CC00B9359}.AppStore|x64.Deploy.0 = Release|x64
		{7A1A90B2-D26D-43DE-82FE-EE3CC00B9359}.AppStore|x86.ActiveCfg = Release|x86
		{7A1A90B2-D26D-43DE-82FE-EE3CC00B9359}.AppStore|x86.Build.0 = Release|x86
		{7A1A90B2-D26D-43DE-82FE-EE3CC00B9359}.AppStore|x86.Deploy.0 = Release|x86
		{7A1A90B2-D26D-43DE-82FE-EE3CC00B9359}.Debug|Any CPU.ActiveCfg = Debug|x86
		{7A1A90B2-D26D-43DE-82FE-EE3CC00B9359}.Debug|Any CPU.Build.0 = Debug|x86
		{7A1A90B2-D26D-43DE-82FE-EE3CC00B9359}.Debug|Any CPU.Deploy.0 = Debug|x86
		{7A1A90B2-D26D-43DE-82FE-EE3CC00B9359}.Debug|ARM.ActiveCfg = Debug|ARM
		{7A1A90B2-D26D-43DE-82FE-EE3CC00B9359}.Debug|ARM.Build.0 = Debug|ARM
		{7A1A90B2-D26D-43DE-82FE-EE3CC00B9359}.Debug|ARM.Deploy.0 = Debug|ARM
		{7A1A90B2-D26D-43DE-82FE-EE3CC00B9359}.Debug|iPhone.ActiveCfg = Debug|x86
		{7A1A90B2-D26D-43DE-82FE-EE3CC00B9359}.Debug|iPhone.Build.0 = Debug|x86
		{7A1A90B2-D26D-43DE-82FE-EE3CC00B9359}.Debug|iPhone.Deploy.0 = Debug|x86
		{7A1A90B2-D26D-43DE-82FE-EE3CC00B9359}.Debug|iPhoneSimulator.ActiveCfg = Debug|x86
		{7A1A90B2-D26D-43DE-82FE-EE3CC00B9359}.Debug|iPhoneSimulator.Build.0 = Debug|x86
		{7A1A90B2-D26D-43DE-82FE-EE3CC00B9359}.Debug|iPhoneSimulator.Deploy.0 = Debug|x86
		{7A1A90B2-D26D-43DE-82FE-EE3CC00B9359}.Debug|x64.ActiveCfg = Debug|x64
		{7A1A90B2-D26D-43DE-82FE-EE3CC00B9359}.Debug|x64.Build.0 = Debug|x64
		{7A1A90B2-D26D-43DE-82FE-EE3CC00B9359}.Debug|x64.Deploy.0 = Debug|x64
		{7A1A90B2-D26D-43DE-82FE-EE3CC00B9359}.Debug|x86.ActiveCfg = Debug|x86
		{7A1A90B2-D26D-43DE-82FE-EE3CC00B9359}.Debug|x86.Build.0 = Debug|x86
		{7A1A90B2-D26D-43DE-82FE-EE3CC00B9359}.Debug|x86.Deploy.0 = Debug|x86
		{7A1A90B2-D26D-43DE-82FE-EE3CC00B9359}.Release|Any CPU.ActiveCfg = Release|x86
		{7A1A90B2-D26D-43DE-82FE-EE3CC00B9359}.Release|Any CPU.Build.0 = Release|x86
		{7A1A90B2-D26D-43DE-82FE-EE3CC00B9359}.Release|Any CPU.Deploy.0 = Release|x86
		{7A1A90B2-D26D-43DE-82FE-EE3CC00B9359}.Release|ARM.ActiveCfg = Release|ARM
		{7A1A90B2-D26D-43DE-82FE-EE3CC00B9359}.Release|ARM.Build.0 = Release|ARM
		{7A1A90B2-D26D-43DE-82FE-EE3CC00B9359}.Release|ARM.Deploy.0 = Release|ARM
		{7A1A90B2-D26D-43DE-82FE-EE3CC00B9359}.Release|iPhone.ActiveCfg = Release|x86
		{7A1A90B2-D26D-43DE-82FE-EE3CC00B9359}.Release|iPhone.Build.0 = Release|x86
		{7A1A90B2-D26D-43DE-82FE-EE3CC00B9359}.Release|iPhone.Deploy.0 = Release|x86
		{7A1A90B2-D26D-43DE-82FE-EE3CC00B9359}.Release|iPhoneSimulator.ActiveCfg = Release|x86
		{7A1A90B2-D26D-43DE-82FE-EE3CC00B9359}.Release|iPhoneSimulator.Build.0 = Release|x86
		{7A1A90B2-D26D-43DE-82FE-EE3CC00B9359}.Release|iPhoneSimulator.Deploy.0 = Release|x86
		{7A1A90B2-D26D-43DE-82FE-EE3CC00B9359}.Release|x64.ActiveCfg = Release|x64
		{7A1A90B2-D26D-43DE-82FE-EE3CC00B9359}.Release|x64.Build.0 = Release|x64
		{7A1A90B2-D26D-43DE-82FE-EE3CC00B9359}.Release|x64.Deploy.0 = Release|x64
		{7A1A90B2-D26D-43DE-82FE-EE3CC00B9359}.Release|x86.ActiveCfg = Release|x86
		{7A1A90B2-D26D-43DE-82FE-EE3CC00B9359}.Release|x86.Build.0 = Release|x86
		{7A1A90B2-D26D-43DE-82FE-EE3CC00B9359}.Release|x86.Deploy.0 = Release|x86
		{7427D7D2-3458-40A6-903C-9D430ED6A51B}.Ad-Hoc|Any CPU.ActiveCfg = Debug|Any CPU
		{7427D7D2-3458-40A6-903C-9D430ED6A51B}.Ad-Hoc|Any CPU.Build.0 = Debug|Any CPU
		{7427D7D2-3458-40A6-903C-9D430ED6A51B}.Ad-Hoc|Any CPU.Deploy.0 = Debug|Any CPU
		{7427D7D2-3458-40A6-903C-9D430ED6A51B}.Ad-Hoc|ARM.ActiveCfg = Debug|Any CPU
		{7427D7D2-3458-40A6-903C-9D430ED6A51B}.Ad-Hoc|ARM.Build.0 = Debug|Any CPU
		{7427D7D2-3458-40A6-903C-9D430ED6A51B}.Ad-Hoc|ARM.Deploy.0 = Debug|Any CPU
		{7427D7D2-3458-40A6-903C-9D430ED6A51B}.Ad-Hoc|iPhone.ActiveCfg = Debug|Any CPU
		{7427D7D2-3458-40A6-903C-9D430ED6A51B}.Ad-Hoc|iPhone.Build.0 = Debug|Any CPU
		{7427D7D2-3458-40A6-903C-9D430ED6A51B}.Ad-Hoc|iPhone.Deploy.0 = Debug|Any CPU
		{7427D7D2-3458-40A6-903C-9D430ED6A51B}.Ad-Hoc|iPhoneSimulator.ActiveCfg = Debug|Any CPU
		{7427D7D2-3458-40A6-903C-9D430ED6A51B}.Ad-Hoc|iPhoneSimulator.Build.0 = Debug|Any CPU
		{7427D7D2-3458-40A6-903C-9D430ED6A51B}.Ad-Hoc|iPhoneSimulator.Deploy.0 = Debug|Any CPU
		{7427D7D2-3458-40A6-903C-9D430ED6A51B}.Ad-Hoc|x64.ActiveCfg = Debug|Any CPU
		{7427D7D2-3458-40A6-903C-9D430ED6A51B}.Ad-Hoc|x64.Build.0 = Debug|Any CPU
		{7427D7D2-3458-40A6-903C-9D430ED6A51B}.Ad-Hoc|x64.Deploy.0 = Debug|Any CPU
		{7427D7D2-3458-40A6-903C-9D430ED6A51B}.Ad-Hoc|x86.ActiveCfg = Debug|Any CPU
		{7427D7D2-3458-40A6-903C-9D430ED6A51B}.Ad-Hoc|x86.Build.0 = Debug|Any CPU
		{7427D7D2-3458-40A6-903C-9D430ED6A51B}.Ad-Hoc|x86.Deploy.0 = Debug|Any CPU
		{7427D7D2-3458-40A6-903C-9D430ED6A51B}.AppStore|Any CPU.ActiveCfg = Debug|Any CPU
		{7427D7D2-3458-40A6-903C-9D430ED6A51B}.AppStore|Any CPU.Build.0 = Debug|Any CPU
		{7427D7D2-3458-40A6-903C-9D430ED6A51B}.AppStore|Any CPU.Deploy.0 = Debug|Any CPU
		{7427D7D2-3458-40A6-903C-9D430ED6A51B}.AppStore|ARM.ActiveCfg = Debug|Any CPU
		{7427D7D2-3458-40A6-903C-9D430ED6A51B}.AppStore|ARM.Build.0 = Debug|Any CPU
		{7427D7D2-3458-40A6-903C-9D430ED6A51B}.AppStore|ARM.Deploy.0 = Debug|Any CPU
		{7427D7D2-3458-40A6-903C-9D430ED6A51B}.AppStore|iPhone.ActiveCfg = Debug|Any CPU
		{7427D7D2-3458-40A6-903C-9D430ED6A51B}.AppStore|iPhone.Build.0 = Debug|Any CPU
		{7427D7D2-3458-40A6-903C-9D430ED6A51B}.AppStore|iPhone.Deploy.0 = Debug|Any CPU
		{7427D7D2-3458-40A6-903C-9D430ED6A51B}.AppStore|iPhoneSimulator.ActiveCfg = Debug|Any CPU
		{7427D7D2-3458-40A6-903C-9D430ED6A51B}.AppStore|iPhoneSimulator.Build.0 = Debug|Any CPU
		{7427D7D2-3458-40A6-903C-9D430ED6A51B}.AppStore|iPhoneSimulator.Deploy.0 = Debug|Any CPU
		{7427D7D2-3458-40A6-903C-9D430ED6A51B}.AppStore|x64.ActiveCfg = Debug|Any CPU
		{7427D7D2-3458-40A6-903C-9D430ED6A51B}.AppStore|x64.Build.0 = Debug|Any CPU
		{7427D7D2-3458-40A6-903C-9D430ED6A51B}.AppStore|x64.Deploy.0 = Debug|Any CPU
		{7427D7D2-3458-40A6-903C-9D430ED6A51B}.AppStore|x86.ActiveCfg = Debug|Any CPU
		{7427D7D2-3458-40A6-903C-9D430ED6A51B}.AppStore|x86.Build.0 = Debug|Any CPU
		{7427D7D2-3458-40A6-903C-9D430ED6A51B}.AppStore|x86.Deploy.0 = Debug|Any CPU
		{7427D7D2-3458-40A6-903C-9D430ED6A51B}.Debug|Any CPU.ActiveCfg = Debug|Any CPU
		{7427D7D2-3458-40A6-903C-9D430ED6A51B}.Debug|Any CPU.Build.0 = Debug|Any CPU
		{7427D7D2-3458-40A6-903C-9D430ED6A51B}.Debug|Any CPU.Deploy.0 = Debug|Any CPU
		{7427D7D2-3458-40A6-903C-9D430ED6A51B}.Debug|ARM.ActiveCfg = Debug|Any CPU
		{7427D7D2-3458-40A6-903C-9D430ED6A51B}.Debug|ARM.Build.0 = Debug|Any CPU
		{7427D7D2-3458-40A6-903C-9D430ED6A51B}.Debug|ARM.Deploy.0 = Debug|Any CPU
		{7427D7D2-3458-40A6-903C-9D430ED6A51B}.Debug|iPhone.ActiveCfg = Debug|Any CPU
		{7427D7D2-3458-40A6-903C-9D430ED6A51B}.Debug|iPhone.Build.0 = Debug|Any CPU
		{7427D7D2-3458-40A6-903C-9D430ED6A51B}.Debug|iPhone.Deploy.0 = Debug|Any CPU
		{7427D7D2-3458-40A6-903C-9D430ED6A51B}.Debug|iPhoneSimulator.ActiveCfg = Debug|Any CPU
		{7427D7D2-3458-40A6-903C-9D430ED6A51B}.Debug|iPhoneSimulator.Build.0 = Debug|Any CPU
		{7427D7D2-3458-40A6-903C-9D430ED6A51B}.Debug|iPhoneSimulator.Deploy.0 = Debug|Any CPU
		{7427D7D2-3458-40A6-903C-9D430ED6A51B}.Debug|x64.ActiveCfg = Debug|Any CPU
		{7427D7D2-3458-40A6-903C-9D430ED6A51B}.Debug|x64.Build.0 = Debug|Any CPU
		{7427D7D2-3458-40A6-903C-9D430ED6A51B}.Debug|x64.Deploy.0 = Debug|Any CPU
		{7427D7D2-3458-40A6-903C-9D430ED6A51B}.Debug|x86.ActiveCfg = Debug|Any CPU
		{7427D7D2-3458-40A6-903C-9D430ED6A51B}.Debug|x86.Build.0 = Debug|Any CPU
		{7427D7D2-3458-40A6-903C-9D430ED6A51B}.Debug|x86.Deploy.0 = Debug|Any CPU
		{7427D7D2-3458-40A6-903C-9D430ED6A51B}.Release|Any CPU.ActiveCfg = Release|Any CPU
		{7427D7D2-3458-40A6-903C-9D430ED6A51B}.Release|Any CPU.Build.0 = Release|Any CPU
		{7427D7D2-3458-40A6-903C-9D430ED6A51B}.Release|Any CPU.Deploy.0 = Release|Any CPU
		{7427D7D2-3458-40A6-903C-9D430ED6A51B}.Release|ARM.ActiveCfg = Release|Any CPU
		{7427D7D2-3458-40A6-903C-9D430ED6A51B}.Release|ARM.Build.0 = Release|Any CPU
		{7427D7D2-3458-40A6-903C-9D430ED6A51B}.Release|ARM.Deploy.0 = Release|Any CPU
		{7427D7D2-3458-40A6-903C-9D430ED6A51B}.Release|iPhone.ActiveCfg = Release|Any CPU
		{7427D7D2-3458-40A6-903C-9D430ED6A51B}.Release|iPhone.Build.0 = Release|Any CPU
		{7427D7D2-3458-40A6-903C-9D430ED6A51B}.Release|iPhone.Deploy.0 = Release|Any CPU
		{7427D7D2-3458-40A6-903C-9D430ED6A51B}.Release|iPhoneSimulator.ActiveCfg = Release|Any CPU
		{7427D7D2-3458-40A6-903C-9D430ED6A51B}.Release|iPhoneSimulator.Build.0 = Release|Any CPU
		{7427D7D2-3458-40A6-903C-9D430ED6A51B}.Release|iPhoneSimulator.Deploy.0 = Release|Any CPU
		{7427D7D2-3458-40A6-903C-9D430ED6A51B}.Release|x64.ActiveCfg = Release|Any CPU
		{7427D7D2-3458-40A6-903C-9D430ED6A51B}.Release|x64.Build.0 = Release|Any CPU
		{7427D7D2-3458-40A6-903C-9D430ED6A51B}.Release|x64.Deploy.0 = Release|Any CPU
		{7427D7D2-3458-40A6-903C-9D430ED6A51B}.Release|x86.ActiveCfg = Release|Any CPU
		{7427D7D2-3458-40A6-903C-9D430ED6A51B}.Release|x86.Build.0 = Release|Any CPU
		{7427D7D2-3458-40A6-903C-9D430ED6A51B}.Release|x86.Deploy.0 = Release|Any CPU
		{3F6F4A33-05A5-4EAD-8B0C-3717D0C643CF}.Ad-Hoc|Any CPU.ActiveCfg = Debug|Any CPU
		{3F6F4A33-05A5-4EAD-8B0C-3717D0C643CF}.Ad-Hoc|Any CPU.Build.0 = Debug|Any CPU
		{3F6F4A33-05A5-4EAD-8B0C-3717D0C643CF}.Ad-Hoc|ARM.ActiveCfg = Debug|Any CPU
		{3F6F4A33-05A5-4EAD-8B0C-3717D0C643CF}.Ad-Hoc|ARM.Build.0 = Debug|Any CPU
		{3F6F4A33-05A5-4EAD-8B0C-3717D0C643CF}.Ad-Hoc|iPhone.ActiveCfg = Debug|Any CPU
		{3F6F4A33-05A5-4EAD-8B0C-3717D0C643CF}.Ad-Hoc|iPhone.Build.0 = Debug|Any CPU
		{3F6F4A33-05A5-4EAD-8B0C-3717D0C643CF}.Ad-Hoc|iPhoneSimulator.ActiveCfg = Debug|Any CPU
		{3F6F4A33-05A5-4EAD-8B0C-3717D0C643CF}.Ad-Hoc|iPhoneSimulator.Build.0 = Debug|Any CPU
		{3F6F4A33-05A5-4EAD-8B0C-3717D0C643CF}.Ad-Hoc|x64.ActiveCfg = Debug|Any CPU
		{3F6F4A33-05A5-4EAD-8B0C-3717D0C643CF}.Ad-Hoc|x64.Build.0 = Debug|Any CPU
		{3F6F4A33-05A5-4EAD-8B0C-3717D0C643CF}.Ad-Hoc|x86.ActiveCfg = Debug|Any CPU
		{3F6F4A33-05A5-4EAD-8B0C-3717D0C643CF}.Ad-Hoc|x86.Build.0 = Debug|Any CPU
		{3F6F4A33-05A5-4EAD-8B0C-3717D0C643CF}.AppStore|Any CPU.ActiveCfg = Debug|Any CPU
		{3F6F4A33-05A5-4EAD-8B0C-3717D0C643CF}.AppStore|Any CPU.Build.0 = Debug|Any CPU
		{3F6F4A33-05A5-4EAD-8B0C-3717D0C643CF}.AppStore|ARM.ActiveCfg = Debug|Any CPU
		{3F6F4A33-05A5-4EAD-8B0C-3717D0C643CF}.AppStore|ARM.Build.0 = Debug|Any CPU
		{3F6F4A33-05A5-4EAD-8B0C-3717D0C643CF}.AppStore|iPhone.ActiveCfg = Debug|Any CPU
		{3F6F4A33-05A5-4EAD-8B0C-3717D0C643CF}.AppStore|iPhone.Build.0 = Debug|Any CPU
		{3F6F4A33-05A5-4EAD-8B0C-3717D0C643CF}.AppStore|iPhoneSimulator.ActiveCfg = Debug|Any CPU
		{3F6F4A33-05A5-4EAD-8B0C-3717D0C643CF}.AppStore|iPhoneSimulator.Build.0 = Debug|Any CPU
		{3F6F4A33-05A5-4EAD-8B0C-3717D0C643CF}.AppStore|x64.ActiveCfg = Debug|Any CPU
		{3F6F4A33-05A5-4EAD-8B0C-3717D0C643CF}.AppStore|x64.Build.0 = Debug|Any CPU
		{3F6F4A33-05A5-4EAD-8B0C-3717D0C643CF}.AppStore|x86.ActiveCfg = Debug|Any CPU
		{3F6F4A33-05A5-4EAD-8B0C-3717D0C643CF}.AppStore|x86.Build.0 = Debug|Any CPU
		{3F6F4A33-05A5-4EAD-8B0C-3717D0C643CF}.Debug|Any CPU.ActiveCfg = Debug|Any CPU
		{3F6F4A33-05A5-4EAD-8B0C-3717D0C643CF}.Debug|Any CPU.Build.0 = Debug|Any CPU
		{3F6F4A33-05A5-4EAD-8B0C-3717D0C643CF}.Debug|ARM.ActiveCfg = Debug|Any CPU
		{3F6F4A33-05A5-4EAD-8B0C-3717D0C643CF}.Debug|ARM.Build.0 = Debug|Any CPU
		{3F6F4A33-05A5-4EAD-8B0C-3717D0C643CF}.Debug|iPhone.ActiveCfg = Debug|Any CPU
		{3F6F4A33-05A5-4EAD-8B0C-3717D0C643CF}.Debug|iPhone.Build.0 = Debug|Any CPU
		{3F6F4A33-05A5-4EAD-8B0C-3717D0C643CF}.Debug|iPhoneSimulator.ActiveCfg = Debug|Any CPU
		{3F6F4A33-05A5-4EAD-8B0C-3717D0C643CF}.Debug|iPhoneSimulator.Build.0 = Debug|Any CPU
		{3F6F4A33-05A5-4EAD-8B0C-3717D0C643CF}.Debug|x64.ActiveCfg = Debug|Any CPU
		{3F6F4A33-05A5-4EAD-8B0C-3717D0C643CF}.Debug|x64.Build.0 = Debug|Any CPU
		{3F6F4A33-05A5-4EAD-8B0C-3717D0C643CF}.Debug|x86.ActiveCfg = Debug|Any CPU
		{3F6F4A33-05A5-4EAD-8B0C-3717D0C643CF}.Debug|x86.Build.0 = Debug|Any CPU
		{3F6F4A33-05A5-4EAD-8B0C-3717D0C643CF}.Release|Any CPU.ActiveCfg = Release|Any CPU
		{3F6F4A33-05A5-4EAD-8B0C-3717D0C643CF}.Release|Any CPU.Build.0 = Release|Any CPU
		{3F6F4A33-05A5-4EAD-8B0C-3717D0C643CF}.Release|ARM.ActiveCfg = Release|Any CPU
		{3F6F4A33-05A5-4EAD-8B0C-3717D0C643CF}.Release|ARM.Build.0 = Release|Any CPU
		{3F6F4A33-05A5-4EAD-8B0C-3717D0C643CF}.Release|iPhone.ActiveCfg = Release|Any CPU
		{3F6F4A33-05A5-4EAD-8B0C-3717D0C643CF}.Release|iPhone.Build.0 = Release|Any CPU
		{3F6F4A33-05A5-4EAD-8B0C-3717D0C643CF}.Release|iPhoneSimulator.ActiveCfg = Release|Any CPU
		{3F6F4A33-05A5-4EAD-8B0C-3717D0C643CF}.Release|iPhoneSimulator.Build.0 = Release|Any CPU
		{3F6F4A33-05A5-4EAD-8B0C-3717D0C643CF}.Release|x64.ActiveCfg = Release|Any CPU
		{3F6F4A33-05A5-4EAD-8B0C-3717D0C643CF}.Release|x64.Build.0 = Release|Any CPU
		{3F6F4A33-05A5-4EAD-8B0C-3717D0C643CF}.Release|x86.ActiveCfg = Release|Any CPU
		{3F6F4A33-05A5-4EAD-8B0C-3717D0C643CF}.Release|x86.Build.0 = Release|Any CPU
		{2328735B-D8EC-4449-B46B-50C0378CF8D4}.Ad-Hoc|Any CPU.ActiveCfg = Release|Any CPU
		{2328735B-D8EC-4449-B46B-50C0378CF8D4}.Ad-Hoc|Any CPU.Build.0 = Release|Any CPU
		{2328735B-D8EC-4449-B46B-50C0378CF8D4}.Ad-Hoc|ARM.ActiveCfg = Release|Any CPU
		{2328735B-D8EC-4449-B46B-50C0378CF8D4}.Ad-Hoc|ARM.Build.0 = Release|Any CPU
		{2328735B-D8EC-4449-B46B-50C0378CF8D4}.Ad-Hoc|iPhone.ActiveCfg = Release|Any CPU
		{2328735B-D8EC-4449-B46B-50C0378CF8D4}.Ad-Hoc|iPhone.Build.0 = Release|Any CPU
		{2328735B-D8EC-4449-B46B-50C0378CF8D4}.Ad-Hoc|iPhoneSimulator.ActiveCfg = Release|Any CPU
		{2328735B-D8EC-4449-B46B-50C0378CF8D4}.Ad-Hoc|iPhoneSimulator.Build.0 = Release|Any CPU
		{2328735B-D8EC-4449-B46B-50C0378CF8D4}.Ad-Hoc|x64.ActiveCfg = Release|Any CPU
		{2328735B-D8EC-4449-B46B-50C0378CF8D4}.Ad-Hoc|x64.Build.0 = Release|Any CPU
		{2328735B-D8EC-4449-B46B-50C0378CF8D4}.Ad-Hoc|x86.ActiveCfg = Release|Any CPU
		{2328735B-D8EC-4449-B46B-50C0378CF8D4}.Ad-Hoc|x86.Build.0 = Release|Any CPU
		{2328735B-D8EC-4449-B46B-50C0378CF8D4}.AppStore|Any CPU.ActiveCfg = Release|Any CPU
		{2328735B-D8EC-4449-B46B-50C0378CF8D4}.AppStore|Any CPU.Build.0 = Release|Any CPU
		{2328735B-D8EC-4449-B46B-50C0378CF8D4}.AppStore|ARM.ActiveCfg = Release|Any CPU
		{2328735B-D8EC-4449-B46B-50C0378CF8D4}.AppStore|ARM.Build.0 = Release|Any CPU
		{2328735B-D8EC-4449-B46B-50C0378CF8D4}.AppStore|iPhone.ActiveCfg = Release|Any CPU
		{2328735B-D8EC-4449-B46B-50C0378CF8D4}.AppStore|iPhone.Build.0 = Release|Any CPU
		{2328735B-D8EC-4449-B46B-50C0378CF8D4}.AppStore|iPhoneSimulator.ActiveCfg = Release|Any CPU
		{2328735B-D8EC-4449-B46B-50C0378CF8D4}.AppStore|iPhoneSimulator.Build.0 = Release|Any CPU
		{2328735B-D8EC-4449-B46B-50C0378CF8D4}.AppStore|x64.ActiveCfg = Release|Any CPU
		{2328735B-D8EC-4449-B46B-50C0378CF8D4}.AppStore|x64.Build.0 = Release|Any CPU
		{2328735B-D8EC-4449-B46B-50C0378CF8D4}.AppStore|x86.ActiveCfg = Release|Any CPU
		{2328735B-D8EC-4449-B46B-50C0378CF8D4}.AppStore|x86.Build.0 = Release|Any CPU
		{2328735B-D8EC-4449-B46B-50C0378CF8D4}.Debug|Any CPU.ActiveCfg = Debug|Any CPU
		{2328735B-D8EC-4449-B46B-50C0378CF8D4}.Debug|Any CPU.Build.0 = Debug|Any CPU
		{2328735B-D8EC-4449-B46B-50C0378CF8D4}.Debug|ARM.ActiveCfg = Debug|Any CPU
		{2328735B-D8EC-4449-B46B-50C0378CF8D4}.Debug|ARM.Build.0 = Debug|Any CPU
		{2328735B-D8EC-4449-B46B-50C0378CF8D4}.Debug|iPhone.ActiveCfg = Debug|Any CPU
		{2328735B-D8EC-4449-B46B-50C0378CF8D4}.Debug|iPhone.Build.0 = Debug|Any CPU
		{2328735B-D8EC-4449-B46B-50C0378CF8D4}.Debug|iPhoneSimulator.ActiveCfg = Debug|Any CPU
		{2328735B-D8EC-4449-B46B-50C0378CF8D4}.Debug|iPhoneSimulator.Build.0 = Debug|Any CPU
		{2328735B-D8EC-4449-B46B-50C0378CF8D4}.Debug|x64.ActiveCfg = Debug|Any CPU
		{2328735B-D8EC-4449-B46B-50C0378CF8D4}.Debug|x64.Build.0 = Debug|Any CPU
		{2328735B-D8EC-4449-B46B-50C0378CF8D4}.Debug|x86.ActiveCfg = Debug|Any CPU
		{2328735B-D8EC-4449-B46B-50C0378CF8D4}.Debug|x86.Build.0 = Debug|Any CPU
		{2328735B-D8EC-4449-B46B-50C0378CF8D4}.Release|Any CPU.ActiveCfg = Release|Any CPU
		{2328735B-D8EC-4449-B46B-50C0378CF8D4}.Release|Any CPU.Build.0 = Release|Any CPU
		{2328735B-D8EC-4449-B46B-50C0378CF8D4}.Release|ARM.ActiveCfg = Release|Any CPU
		{2328735B-D8EC-4449-B46B-50C0378CF8D4}.Release|ARM.Build.0 = Release|Any CPU
		{2328735B-D8EC-4449-B46B-50C0378CF8D4}.Release|iPhone.ActiveCfg = Release|Any CPU
		{2328735B-D8EC-4449-B46B-50C0378CF8D4}.Release|iPhone.Build.0 = Release|Any CPU
		{2328735B-D8EC-4449-B46B-50C0378CF8D4}.Release|iPhoneSimulator.ActiveCfg = Release|Any CPU
		{2328735B-D8EC-4449-B46B-50C0378CF8D4}.Release|iPhoneSimulator.Build.0 = Release|Any CPU
		{2328735B-D8EC-4449-B46B-50C0378CF8D4}.Release|x64.ActiveCfg = Release|Any CPU
		{2328735B-D8EC-4449-B46B-50C0378CF8D4}.Release|x64.Build.0 = Release|Any CPU
		{2328735B-D8EC-4449-B46B-50C0378CF8D4}.Release|x86.ActiveCfg = Release|Any CPU
		{2328735B-D8EC-4449-B46B-50C0378CF8D4}.Release|x86.Build.0 = Release|Any CPU
		{9869B521-6526-433A-9B1E-EB53D795A651}.Ad-Hoc|Any CPU.ActiveCfg = Debug|Any CPU
		{9869B521-6526-433A-9B1E-EB53D795A651}.Ad-Hoc|Any CPU.Build.0 = Debug|Any CPU
		{9869B521-6526-433A-9B1E-EB53D795A651}.Ad-Hoc|ARM.ActiveCfg = Debug|Any CPU
		{9869B521-6526-433A-9B1E-EB53D795A651}.Ad-Hoc|ARM.Build.0 = Debug|Any CPU
		{9869B521-6526-433A-9B1E-EB53D795A651}.Ad-Hoc|iPhone.ActiveCfg = Debug|Any CPU
		{9869B521-6526-433A-9B1E-EB53D795A651}.Ad-Hoc|iPhone.Build.0 = Debug|Any CPU
		{9869B521-6526-433A-9B1E-EB53D795A651}.Ad-Hoc|iPhoneSimulator.ActiveCfg = Debug|Any CPU
		{9869B521-6526-433A-9B1E-EB53D795A651}.Ad-Hoc|iPhoneSimulator.Build.0 = Debug|Any CPU
		{9869B521-6526-433A-9B1E-EB53D795A651}.Ad-Hoc|x64.ActiveCfg = Debug|Any CPU
		{9869B521-6526-433A-9B1E-EB53D795A651}.Ad-Hoc|x64.Build.0 = Debug|Any CPU
		{9869B521-6526-433A-9B1E-EB53D795A651}.Ad-Hoc|x86.ActiveCfg = Debug|Any CPU
		{9869B521-6526-433A-9B1E-EB53D795A651}.Ad-Hoc|x86.Build.0 = Debug|Any CPU
		{9869B521-6526-433A-9B1E-EB53D795A651}.AppStore|Any CPU.ActiveCfg = Debug|Any CPU
		{9869B521-6526-433A-9B1E-EB53D795A651}.AppStore|Any CPU.Build.0 = Debug|Any CPU
		{9869B521-6526-433A-9B1E-EB53D795A651}.AppStore|ARM.ActiveCfg = Debug|Any CPU
		{9869B521-6526-433A-9B1E-EB53D795A651}.AppStore|ARM.Build.0 = Debug|Any CPU
		{9869B521-6526-433A-9B1E-EB53D795A651}.AppStore|iPhone.ActiveCfg = Debug|Any CPU
		{9869B521-6526-433A-9B1E-EB53D795A651}.AppStore|iPhone.Build.0 = Debug|Any CPU
		{9869B521-6526-433A-9B1E-EB53D795A651}.AppStore|iPhoneSimulator.ActiveCfg = Debug|Any CPU
		{9869B521-6526-433A-9B1E-EB53D795A651}.AppStore|iPhoneSimulator.Build.0 = Debug|Any CPU
		{9869B521-6526-433A-9B1E-EB53D795A651}.AppStore|x64.ActiveCfg = Debug|Any CPU
		{9869B521-6526-433A-9B1E-EB53D795A651}.AppStore|x64.Build.0 = Debug|Any CPU
		{9869B521-6526-433A-9B1E-EB53D795A651}.AppStore|x86.ActiveCfg = Debug|Any CPU
		{9869B521-6526-433A-9B1E-EB53D795A651}.AppStore|x86.Build.0 = Debug|Any CPU
		{9869B521-6526-433A-9B1E-EB53D795A651}.Debug|Any CPU.ActiveCfg = Debug|Any CPU
		{9869B521-6526-433A-9B1E-EB53D795A651}.Debug|Any CPU.Build.0 = Debug|Any CPU
		{9869B521-6526-433A-9B1E-EB53D795A651}.Debug|ARM.ActiveCfg = Debug|Any CPU
		{9869B521-6526-433A-9B1E-EB53D795A651}.Debug|ARM.Build.0 = Debug|Any CPU
		{9869B521-6526-433A-9B1E-EB53D795A651}.Debug|iPhone.ActiveCfg = Debug|Any CPU
		{9869B521-6526-433A-9B1E-EB53D795A651}.Debug|iPhone.Build.0 = Debug|Any CPU
		{9869B521-6526-433A-9B1E-EB53D795A651}.Debug|iPhoneSimulator.ActiveCfg = Debug|Any CPU
		{9869B521-6526-433A-9B1E-EB53D795A651}.Debug|iPhoneSimulator.Build.0 = Debug|Any CPU
		{9869B521-6526-433A-9B1E-EB53D795A651}.Debug|x64.ActiveCfg = Debug|Any CPU
		{9869B521-6526-433A-9B1E-EB53D795A651}.Debug|x64.Build.0 = Debug|Any CPU
		{9869B521-6526-433A-9B1E-EB53D795A651}.Debug|x86.ActiveCfg = Debug|Any CPU
		{9869B521-6526-433A-9B1E-EB53D795A651}.Debug|x86.Build.0 = Debug|Any CPU
		{9869B521-6526-433A-9B1E-EB53D795A651}.Release|Any CPU.ActiveCfg = Release|Any CPU
		{9869B521-6526-433A-9B1E-EB53D795A651}.Release|Any CPU.Build.0 = Release|Any CPU
		{9869B521-6526-433A-9B1E-EB53D795A651}.Release|ARM.ActiveCfg = Release|Any CPU
		{9869B521-6526-433A-9B1E-EB53D795A651}.Release|ARM.Build.0 = Release|Any CPU
		{9869B521-6526-433A-9B1E-EB53D795A651}.Release|iPhone.ActiveCfg = Release|Any CPU
		{9869B521-6526-433A-9B1E-EB53D795A651}.Release|iPhone.Build.0 = Release|Any CPU
		{9869B521-6526-433A-9B1E-EB53D795A651}.Release|iPhoneSimulator.ActiveCfg = Release|Any CPU
		{9869B521-6526-433A-9B1E-EB53D795A651}.Release|iPhoneSimulator.Build.0 = Release|Any CPU
		{9869B521-6526-433A-9B1E-EB53D795A651}.Release|x64.ActiveCfg = Release|Any CPU
		{9869B521-6526-433A-9B1E-EB53D795A651}.Release|x64.Build.0 = Release|Any CPU
		{9869B521-6526-433A-9B1E-EB53D795A651}.Release|x86.ActiveCfg = Release|Any CPU
		{9869B521-6526-433A-9B1E-EB53D795A651}.Release|x86.Build.0 = Release|Any CPU
		{E71F3053-056C-4381-9638-048ED73BDFF6}.Ad-Hoc|Any CPU.ActiveCfg = Release|Any CPU
		{E71F3053-056C-4381-9638-048ED73BDFF6}.Ad-Hoc|Any CPU.Build.0 = Release|Any CPU
		{E71F3053-056C-4381-9638-048ED73BDFF6}.Ad-Hoc|ARM.ActiveCfg = Release|Any CPU
		{E71F3053-056C-4381-9638-048ED73BDFF6}.Ad-Hoc|ARM.Build.0 = Release|Any CPU
		{E71F3053-056C-4381-9638-048ED73BDFF6}.Ad-Hoc|iPhone.ActiveCfg = Release|Any CPU
		{E71F3053-056C-4381-9638-048ED73BDFF6}.Ad-Hoc|iPhone.Build.0 = Release|Any CPU
		{E71F3053-056C-4381-9638-048ED73BDFF6}.Ad-Hoc|iPhoneSimulator.ActiveCfg = Release|Any CPU
		{E71F3053-056C-4381-9638-048ED73BDFF6}.Ad-Hoc|iPhoneSimulator.Build.0 = Release|Any CPU
		{E71F3053-056C-4381-9638-048ED73BDFF6}.Ad-Hoc|x64.ActiveCfg = Release|Any CPU
		{E71F3053-056C-4381-9638-048ED73BDFF6}.Ad-Hoc|x64.Build.0 = Release|Any CPU
		{E71F3053-056C-4381-9638-048ED73BDFF6}.Ad-Hoc|x86.ActiveCfg = Release|Any CPU
		{E71F3053-056C-4381-9638-048ED73BDFF6}.Ad-Hoc|x86.Build.0 = Release|Any CPU
		{E71F3053-056C-4381-9638-048ED73BDFF6}.AppStore|Any CPU.ActiveCfg = Release|Any CPU
		{E71F3053-056C-4381-9638-048ED73BDFF6}.AppStore|Any CPU.Build.0 = Release|Any CPU
		{E71F3053-056C-4381-9638-048ED73BDFF6}.AppStore|ARM.ActiveCfg = Release|Any CPU
		{E71F3053-056C-4381-9638-048ED73BDFF6}.AppStore|ARM.Build.0 = Release|Any CPU
		{E71F3053-056C-4381-9638-048ED73BDFF6}.AppStore|iPhone.ActiveCfg = Release|Any CPU
		{E71F3053-056C-4381-9638-048ED73BDFF6}.AppStore|iPhone.Build.0 = Release|Any CPU
		{E71F3053-056C-4381-9638-048ED73BDFF6}.AppStore|iPhoneSimulator.ActiveCfg = Release|Any CPU
		{E71F3053-056C-4381-9638-048ED73BDFF6}.AppStore|iPhoneSimulator.Build.0 = Release|Any CPU
		{E71F3053-056C-4381-9638-048ED73BDFF6}.AppStore|x64.ActiveCfg = Release|Any CPU
		{E71F3053-056C-4381-9638-048ED73BDFF6}.AppStore|x64.Build.0 = Release|Any CPU
		{E71F3053-056C-4381-9638-048ED73BDFF6}.AppStore|x86.ActiveCfg = Release|Any CPU
		{E71F3053-056C-4381-9638-048ED73BDFF6}.AppStore|x86.Build.0 = Release|Any CPU
		{E71F3053-056C-4381-9638-048ED73BDFF6}.Debug|Any CPU.ActiveCfg = Debug|Any CPU
		{E71F3053-056C-4381-9638-048ED73BDFF6}.Debug|Any CPU.Build.0 = Debug|Any CPU
		{E71F3053-056C-4381-9638-048ED73BDFF6}.Debug|ARM.ActiveCfg = Debug|Any CPU
		{E71F3053-056C-4381-9638-048ED73BDFF6}.Debug|ARM.Build.0 = Debug|Any CPU
		{E71F3053-056C-4381-9638-048ED73BDFF6}.Debug|iPhone.ActiveCfg = Debug|Any CPU
		{E71F3053-056C-4381-9638-048ED73BDFF6}.Debug|iPhone.Build.0 = Debug|Any CPU
		{E71F3053-056C-4381-9638-048ED73BDFF6}.Debug|iPhoneSimulator.ActiveCfg = Debug|Any CPU
		{E71F3053-056C-4381-9638-048ED73BDFF6}.Debug|iPhoneSimulator.Build.0 = Debug|Any CPU
		{E71F3053-056C-4381-9638-048ED73BDFF6}.Debug|x64.ActiveCfg = Debug|Any CPU
		{E71F3053-056C-4381-9638-048ED73BDFF6}.Debug|x64.Build.0 = Debug|Any CPU
		{E71F3053-056C-4381-9638-048ED73BDFF6}.Debug|x86.ActiveCfg = Debug|Any CPU
		{E71F3053-056C-4381-9638-048ED73BDFF6}.Debug|x86.Build.0 = Debug|Any CPU
		{E71F3053-056C-4381-9638-048ED73BDFF6}.Release|Any CPU.ActiveCfg = Release|Any CPU
		{E71F3053-056C-4381-9638-048ED73BDFF6}.Release|Any CPU.Build.0 = Release|Any CPU
		{E71F3053-056C-4381-9638-048ED73BDFF6}.Release|ARM.ActiveCfg = Release|Any CPU
		{E71F3053-056C-4381-9638-048ED73BDFF6}.Release|ARM.Build.0 = Release|Any CPU
		{E71F3053-056C-4381-9638-048ED73BDFF6}.Release|iPhone.ActiveCfg = Release|Any CPU
		{E71F3053-056C-4381-9638-048ED73BDFF6}.Release|iPhone.Build.0 = Release|Any CPU
		{E71F3053-056C-4381-9638-048ED73BDFF6}.Release|iPhoneSimulator.ActiveCfg = Release|Any CPU
		{E71F3053-056C-4381-9638-048ED73BDFF6}.Release|iPhoneSimulator.Build.0 = Release|Any CPU
		{E71F3053-056C-4381-9638-048ED73BDFF6}.Release|x64.ActiveCfg = Release|Any CPU
		{E71F3053-056C-4381-9638-048ED73BDFF6}.Release|x64.Build.0 = Release|Any CPU
		{E71F3053-056C-4381-9638-048ED73BDFF6}.Release|x86.ActiveCfg = Release|Any CPU
		{E71F3053-056C-4381-9638-048ED73BDFF6}.Release|x86.Build.0 = Release|Any CPU
		{40EE47CF-24FC-4F1A-A2C9-147E4D74BE58}.Ad-Hoc|Any CPU.ActiveCfg = Release|Any CPU
		{40EE47CF-24FC-4F1A-A2C9-147E4D74BE58}.Ad-Hoc|Any CPU.Build.0 = Release|Any CPU
		{40EE47CF-24FC-4F1A-A2C9-147E4D74BE58}.Ad-Hoc|ARM.ActiveCfg = Release|ARM
		{40EE47CF-24FC-4F1A-A2C9-147E4D74BE58}.Ad-Hoc|ARM.Build.0 = Release|ARM
		{40EE47CF-24FC-4F1A-A2C9-147E4D74BE58}.Ad-Hoc|iPhone.ActiveCfg = Release|Any CPU
		{40EE47CF-24FC-4F1A-A2C9-147E4D74BE58}.Ad-Hoc|iPhone.Build.0 = Release|Any CPU
		{40EE47CF-24FC-4F1A-A2C9-147E4D74BE58}.Ad-Hoc|iPhoneSimulator.ActiveCfg = Release|Any CPU
		{40EE47CF-24FC-4F1A-A2C9-147E4D74BE58}.Ad-Hoc|iPhoneSimulator.Build.0 = Release|Any CPU
		{40EE47CF-24FC-4F1A-A2C9-147E4D74BE58}.Ad-Hoc|x64.ActiveCfg = Release|x64
		{40EE47CF-24FC-4F1A-A2C9-147E4D74BE58}.Ad-Hoc|x64.Build.0 = Release|x64
		{40EE47CF-24FC-4F1A-A2C9-147E4D74BE58}.Ad-Hoc|x86.ActiveCfg = Release|x86
		{40EE47CF-24FC-4F1A-A2C9-147E4D74BE58}.Ad-Hoc|x86.Build.0 = Release|x86
		{40EE47CF-24FC-4F1A-A2C9-147E4D74BE58}.AppStore|Any CPU.ActiveCfg = Release|Any CPU
		{40EE47CF-24FC-4F1A-A2C9-147E4D74BE58}.AppStore|Any CPU.Build.0 = Release|Any CPU
		{40EE47CF-24FC-4F1A-A2C9-147E4D74BE58}.AppStore|ARM.ActiveCfg = Release|ARM
		{40EE47CF-24FC-4F1A-A2C9-147E4D74BE58}.AppStore|ARM.Build.0 = Release|ARM
		{40EE47CF-24FC-4F1A-A2C9-147E4D74BE58}.AppStore|iPhone.ActiveCfg = Release|Any CPU
		{40EE47CF-24FC-4F1A-A2C9-147E4D74BE58}.AppStore|iPhone.Build.0 = Release|Any CPU
		{40EE47CF-24FC-4F1A-A2C9-147E4D74BE58}.AppStore|iPhoneSimulator.ActiveCfg = Release|Any CPU
		{40EE47CF-24FC-4F1A-A2C9-147E4D74BE58}.AppStore|iPhoneSimulator.Build.0 = Release|Any CPU
		{40EE47CF-24FC-4F1A-A2C9-147E4D74BE58}.AppStore|x64.ActiveCfg = Release|x64
		{40EE47CF-24FC-4F1A-A2C9-147E4D74BE58}.AppStore|x64.Build.0 = Release|x64
		{40EE47CF-24FC-4F1A-A2C9-147E4D74BE58}.AppStore|x86.ActiveCfg = Release|x86
		{40EE47CF-24FC-4F1A-A2C9-147E4D74BE58}.AppStore|x86.Build.0 = Release|x86
		{40EE47CF-24FC-4F1A-A2C9-147E4D74BE58}.Debug|Any CPU.ActiveCfg = Debug|Any CPU
		{40EE47CF-24FC-4F1A-A2C9-147E4D74BE58}.Debug|Any CPU.Build.0 = Debug|Any CPU
		{40EE47CF-24FC-4F1A-A2C9-147E4D74BE58}.Debug|ARM.ActiveCfg = Debug|ARM
		{40EE47CF-24FC-4F1A-A2C9-147E4D74BE58}.Debug|ARM.Build.0 = Debug|ARM
		{40EE47CF-24FC-4F1A-A2C9-147E4D74BE58}.Debug|iPhone.ActiveCfg = Debug|Any CPU
		{40EE47CF-24FC-4F1A-A2C9-147E4D74BE58}.Debug|iPhone.Build.0 = Debug|Any CPU
		{40EE47CF-24FC-4F1A-A2C9-147E4D74BE58}.Debug|iPhoneSimulator.ActiveCfg = Debug|Any CPU
		{40EE47CF-24FC-4F1A-A2C9-147E4D74BE58}.Debug|iPhoneSimulator.Build.0 = Debug|Any CPU
		{40EE47CF-24FC-4F1A-A2C9-147E4D74BE58}.Debug|x64.ActiveCfg = Debug|x64
		{40EE47CF-24FC-4F1A-A2C9-147E4D74BE58}.Debug|x64.Build.0 = Debug|x64
		{40EE47CF-24FC-4F1A-A2C9-147E4D74BE58}.Debug|x86.ActiveCfg = Debug|x86
		{40EE47CF-24FC-4F1A-A2C9-147E4D74BE58}.Debug|x86.Build.0 = Debug|x86
		{40EE47CF-24FC-4F1A-A2C9-147E4D74BE58}.Release|Any CPU.ActiveCfg = Release|Any CPU
		{40EE47CF-24FC-4F1A-A2C9-147E4D74BE58}.Release|Any CPU.Build.0 = Release|Any CPU
		{40EE47CF-24FC-4F1A-A2C9-147E4D74BE58}.Release|ARM.ActiveCfg = Release|ARM
		{40EE47CF-24FC-4F1A-A2C9-147E4D74BE58}.Release|ARM.Build.0 = Release|ARM
		{40EE47CF-24FC-4F1A-A2C9-147E4D74BE58}.Release|iPhone.ActiveCfg = Release|Any CPU
		{40EE47CF-24FC-4F1A-A2C9-147E4D74BE58}.Release|iPhone.Build.0 = Release|Any CPU
		{40EE47CF-24FC-4F1A-A2C9-147E4D74BE58}.Release|iPhoneSimulator.ActiveCfg = Release|Any CPU
		{40EE47CF-24FC-4F1A-A2C9-147E4D74BE58}.Release|iPhoneSimulator.Build.0 = Release|Any CPU
		{40EE47CF-24FC-4F1A-A2C9-147E4D74BE58}.Release|x64.ActiveCfg = Release|x64
		{40EE47CF-24FC-4F1A-A2C9-147E4D74BE58}.Release|x64.Build.0 = Release|x64
		{40EE47CF-24FC-4F1A-A2C9-147E4D74BE58}.Release|x86.ActiveCfg = Release|x86
		{40EE47CF-24FC-4F1A-A2C9-147E4D74BE58}.Release|x86.Build.0 = Release|x86
	EndGlobalSection
	GlobalSection(SolutionProperties) = preSolution
		HideSolutionNode = FALSE
	EndGlobalSection
	GlobalSection(NestedProjects) = preSolution
		{3F6F4A33-05A5-4EAD-8B0C-3717D0C643CF} = {AC1C257A-E6E8-4D86-8296-2B4C1646A3D7}
		{2328735B-D8EC-4449-B46B-50C0378CF8D4} = {AC1C257A-E6E8-4D86-8296-2B4C1646A3D7}
		{9869B521-6526-433A-9B1E-EB53D795A651} = {AC1C257A-E6E8-4D86-8296-2B4C1646A3D7}
		{E71F3053-056C-4381-9638-048ED73BDFF6} = {AC1C257A-E6E8-4D86-8296-2B4C1646A3D7}
		{40EE47CF-24FC-4F1A-A2C9-147E4D74BE58} = {AC1C257A-E6E8-4D86-8296-2B4C1646A3D7}
	EndGlobalSection
	GlobalSection(ExtensibilityGlobals) = postSolution
		SolutionGuid = {EEBB986B-42A2-4E75-8B07-F820DD8AB271}
	EndGlobalSection
EndGlobal
